PODS:
  - hubtel_merchant_checkout_sdk (0.1.1)

DEPENDENCIES:
  - hubtel_merchant_checkout_sdk (from `../`)

EXTERNAL SOURCES:
  hubtel_merchant_checkout_sdk:
    :path: "../"

SPEC CHECKSUMS:
  hubtel_merchant_checkout_sdk: 6e792261dbe6364d20548ed07db534a324c22306

PODFILE CHECKSUM: 108192ff4f19b1e6af7ae282828abcac6a8d64d2

COCOAPODS: 1.13.0
