PODS:
  - hubtel_merchant_checkout_sdk (0.1.9)

DEPENDENCIES:
  - hubtel_merchant_checkout_sdk (from `../`)

EXTERNAL SOURCES:
  hubtel_merchant_checkout_sdk:
    :path: "../"

SPEC CHECKSUMS:
  hubtel_merchant_checkout_sdk: f3638b3cc4429a9ed051e24d8db5615342eed63b

PODFILE CHECKSUM: 36a09141af65443e7ef57102ebce35638c5912dd

COCOAPODS: 1.13.0
